// !$*UTF8*$!
{
	archiveVersion = 1;
	classes = {
	};
	objectVersion = 60;
	objects = {

/* Begin PBXContainerItemProxy section */
		6FFA2FF52C3F233B0047FB7D /* PBXContainerItemProxy */ = {
			isa = PBXContainerItemProxy;
			containerPortal = 6FFA2FDB2C3F23390047FB7D /* Project object */;
			proxyType = 1;
			remoteGlobalIDString = 6FFA2FE22C3F23390047FB7D;
			remoteInfo = MySIRI;
		};
		6FFA2FFF2C3F233B0047FB7D /* PBXContainerItemProxy */ = {
			isa = PBXContainerItemProxy;
			containerPortal = 6FFA2FDB2C3F23390047FB7D /* Project object */;
			proxyType = 1;
			remoteGlobalIDString = 6FFA2FE22C3F23390047FB7D;
			remoteInfo = MySIRI;
		};
/* End PBXContainerItemProxy section */

/* Begin PBXFileReference section */
		6FFA2FE32C3F23390047FB7D /* MySIRI.app */ = {isa = PBXFileReference; explicitFileType = wrapper.application; includeInIndex = 0; path = MySIRI.app; sourceTree = BUILT_PRODUCTS_DIR; };
		6FFA2FF42C3F233B0047FB7D /* MySIRITests.xctest */ = {isa = PBXFileReference; explicitFileType = wrapper.cfbundle; includeInIndex = 0; path = MySIRITests.xctest; sourceTree = BUILT_PRODUCTS_DIR; };
		6FFA2FFE2C3F233B0047FB7D /* MySIRIUITests.xctest */ = {isa = PBXFileReference; explicitFileType = wrapper.cfbundle; includeInIndex = 0; path = MySIRIUITests.xctest; sourceTree = BUILT_PRODUCTS_DIR; };
/* End PBXFileReference section */

/* Begin PBXFileSystemSynchronizedBuildFileExceptionSet section */
		6FFA30062C3F233B0047FB7D /* PBXFileSystemSynchronizedBuildFileExceptionSet */ = {
			isa = PBXFileSystemSynchronizedBuildFileExceptionSet;
			membershipExceptions = (
				/Localized/Main.storyboard,
			);
			target = 6FFA2FE22C3F23390047FB7D /* MySIRI */;
		};
/* End PBXFileSystemSynchronizedBuildFileExceptionSet section */

/* Begin PBXFileSystemSynchronizedGroupBuildPhaseMembershipExceptionSet section */
		6FFA300A2C3F233B0047FB7D /* PBXFileSystemSynchronizedGroupBuildPhaseMembershipExceptionSet */ = {
			isa = PBXFileSystemSynchronizedGroupBuildPhaseMembershipExceptionSet;
			buildPhase = 6FFA2FE12C3F23390047FB7D /* Resources */;
			membershipExceptions = (
				Base.lproj/Main.storyboard,
			);
		};
/* End PBXFileSystemSynchronizedGroupBuildPhaseMembershipExceptionSet section */

/* Begin PBXFileSystemSynchronizedRootGroup section */
		6FFA2FE52C3F23390047FB7D /* MySIRI */ = {isa = PBXFileSystemSynchronizedRootGroup; exceptions = (6FFA30062C3F233B0047FB7D /* PBXFileSystemSynchronizedBuildFileExceptionSet */, 6FFA300A2C3F233B0047FB7D /* PBXFileSystemSynchronizedGroupBuildPhaseMembershipExceptionSet */, ); explicitFileTypes = {}; explicitFolders = (); path = MySIRI; sourceTree = "<group>"; };
		6FFA2FF72C3F233B0047FB7D /* MySIRITests */ = {isa = PBXFileSystemSynchronizedRootGroup; explicitFileTypes = {}; explicitFolders = (); path = MySIRITests; sourceTree = "<group>"; };
		6FFA30012C3F233B0047FB7D /* MySIRIUITests */ = {isa = PBXFileSystemSynchronizedRootGroup; explicitFileTypes = {}; explicitFolders = (); path = MySIRIUITests; sourceTree = "<group>"; };
/* End PBXFileSystemSynchronizedRootGroup section */

/* Begin PBXFrameworksBuildPhase section */
		6FFA2FE02C3F23390047FB7D /* Frameworks */ = {
			isa = PBXFrameworksBuildPhase;
			buildActionMask = 2147483647;
			files = (
			);
			runOnlyForDeploymentPostprocessing = 0;
		};
		6FFA2FF12C3F233B0047FB7D /* Frameworks */ = {
			isa = PBXFrameworksBuildPhase;
			buildActionMask = 2147483647;
			files = (
			);
			runOnlyForDeploymentPostprocessing = 0;
		};
		6FFA2FFB2C3F233B0047FB7D /* Frameworks */ = {
			isa = PBXFrameworksBuildPhase;
			buildActionMask = 2147483647;
			files = (
			);
			runOnlyForDeploymentPostprocessing = 0;
		};
/* End PBXFrameworksBuildPhase section */

/* Begin PBXGroup section */
		6FFA2FDA2C3F23390047FB7D = {
			isa = PBXGroup;
			children = (
				6FFA2FE52C3F23390047FB7D /* MySIRI */,
				6FFA2FF72C3F233B0047FB7D /* MySIRITests */,
				6FFA30012C3F233B0047FB7D /* MySIRIUITests */,
				6FFA2FE42C3F23390047FB7D /* Products */,
			);
			sourceTree = "<group>";
		};
		6FFA2FE42C3F23390047FB7D /* Products */ = {
			isa = PBXGroup;
			children = (
				6FFA2FE32C3F23390047FB7D /* MySIRI.app */,
				6FFA2FF42C3F233B0047FB7D /* MySIRITests.xctest */,
				6FFA2FFE2C3F233B0047FB7D /* MySIRIUITests.xctest */,
			);
			name = Products;
			sourceTree = "<group>";
		};
/* End PBXGroup section */

/* Begin PBXNativeTarget section */
		6FFA2FE22C3F23390047FB7D /* MySIRI */ = {
			isa = PBXNativeTarget;
			buildConfigurationList = 6FFA30072C3F233B0047FB7D /* Build configuration list for PBXNativeTarget "MySIRI" */;
			buildPhases = (
				6FFA2FDF2C3F23390047FB7D /* Sources */,
				6FFA2FE02C3F23390047FB7D /* Frameworks */,
				6FFA2FE12C3F23390047FB7D /* Resources */,
			);
			buildRules = (
			);
			dependencies = (
			);
			fileSystemSynchronizedGroups = (
				6FFA2FE52C3F23390047FB7D /* MySIRI */,
			);
			name = MySIRI;
			packageProductDependencies = (
			);
			productName = MySIRI;
			productReference = 6FFA2FE32C3F23390047FB7D /* MySIRI.app */;
			productType = "com.apple.product-type.application";
		};
		6FFA2FF32C3F233B0047FB7D /* MySIRITests */ = {
			isa = PBXNativeTarget;
			buildConfigurationList = 6FFA300D2C3F233B0047FB7D /* Build configuration list for PBXNativeTarget "MySIRITests" */;
			buildPhases = (
				6FFA2FF02C3F233B0047FB7D /* Sources */,
				6FFA2FF12C3F233B0047FB7D /* Frameworks */,
				6FFA2FF22C3F233B0047FB7D /* Resources */,
			);
			buildRules = (
			);
			dependencies = (
				6FFA2FF62C3F233B0047FB7D /* PBXTargetDependency */,
			);
			fileSystemSynchronizedGroups = (
				6FFA2FF72C3F233B0047FB7D /* MySIRITests */,
			);
			name = MySIRITests;
			packageProductDependencies = (
			);
			productName = MySIRITests;
			productReference = 6FFA2FF42C3F233B0047FB7D /* MySIRITests.xctest */;
			productType = "com.apple.product-type.bundle.unit-test";
		};
		6FFA2FFD2C3F233B0047FB7D /* MySIRIUITests */ = {
			isa = PBXNativeTarget;
			buildConfigurationList = 6FFA30102C3F233B0047FB7D /* Build configuration list for PBXNativeTarget "MySIRIUITests" */;
			buildPhases = (
				6FFA2FFA2C3F233B0047FB7D /* Sources */,
				6FFA2FFB2C3F233B0047FB7D /* Frameworks */,
				6FFA2FFC2C3F233B0047FB7D /* Resources */,
			);
			buildRules = (
			);
			dependencies = (
				6FFA30002C3F233B0047FB7D /* PBXTargetDependency */,
			);
			fileSystemSynchronizedGroups = (
				6FFA30012C3F233B0047FB7D /* MySIRIUITests */,
			);
			name = MySIRIUITests;
			packageProductDependencies = (
			);
			productName = MySIRIUITests;
			productReference = 6FFA2FFE2C3F233B0047FB7D /* MySIRIUITests.xctest */;
			productType = "com.apple.product-type.bundle.ui-testing";
		};
/* End PBXNativeTarget section */

/* Begin PBXProject section */
		6FFA2FDB2C3F23390047FB7D /* Project object */ = {
			isa = PBXProject;
			attributes = {
				BuildIndependentTargetsInParallel = 1;
				LastSwiftUpdateCheck = 1600;
				LastUpgradeCheck = 1600;
				TargetAttributes = {
					6FFA2FE22C3F23390047FB7D = {
						CreatedOnToolsVersion = 16.0;
					};
					6FFA2FF32C3F233B0047FB7D = {
						CreatedOnToolsVersion = 16.0;
						TestTargetID = 6FFA2FE22C3F23390047FB7D;
					};
					6FFA2FFD2C3F233B0047FB7D = {
						CreatedOnToolsVersion = 16.0;
						TestTargetID = 6FFA2FE22C3F23390047FB7D;
					};
				};
			};
			buildConfigurationList = 6FFA2FDE2C3F23390047FB7D /* Build configuration list for PBXProject "MySIRI" */;
			compatibilityVersion = "Xcode 15.0";
			developmentRegion = en;
			hasScannedForEncodings = 0;
			knownRegions = (
				en,
				Base,
			);
			mainGroup = 6FFA2FDA2C3F23390047FB7D;
			productRefGroup = 6FFA2FE42C3F23390047FB7D /* Products */;
			projectDirPath = "";
			projectRoot = "";
			targets = (
				6FFA2FE22C3F23390047FB7D /* MySIRI */,
				6FFA2FF32C3F233B0047FB7D /* MySIRITests */,
				6FFA2FFD2C3F233B0047FB7D /* MySIRIUITests */,
			);
		};
/* End PBXProject section */

/* Begin PBXResourcesBuildPhase section */
		6FFA2FE12C3F23390047FB7D /* Resources */ = {
			isa = PBXResourcesBuildPhase;
			buildActionMask = 2147483647;
			files = (
			);
			runOnlyForDeploymentPostprocessing = 0;
		};
		6FFA2FF22C3F233B0047FB7D /* Resources */ = {
			isa = PBXResourcesBuildPhase;
			buildActionMask = 2147483647;
			files = (
			);
			runOnlyForDeploymentPostprocessing = 0;
		};
		6FFA2FFC2C3F233B0047FB7D /* Resources */ = {
			isa = PBXResourcesBuildPhase;
			buildActionMask = 2147483647;
			files = (
			);
			runOnlyForDeploymentPostprocessing = 0;
		};
/* End PBXResourcesBuildPhase section */

/* Begin PBXSourcesBuildPhase section */
		6FFA2FDF2C3F23390047FB7D /* Sources */ = {
			isa = PBXSourcesBuildPhase;
			buildActionMask = 2147483647;
			files = (
			);
			runOnlyForDeploymentPostprocessing = 0;
		};
		6FFA2FF02C3F233B0047FB7D /* Sources */ = {
			isa = PBXSourcesBuildPhase;
			buildActionMask = 2147483647;
			files = (
			);
			runOnlyForDeploymentPostprocessing = 0;
		};
		6FFA2FFA2C3F233B0047FB7D /* Sources */ = {
			isa = PBXSourcesBuildPhase;
			buildActionMask = 2147483647;
			files = (
			);
			runOnlyForDeploymentPostprocessing = 0;
		};
/* End PBXSourcesBuildPhase section */

/* Begin PBXTargetDependency section */
		6FFA2FF62C3F233B0047FB7D /* PBXTargetDependency */ = {
			isa = PBXTargetDependency;
			target = 6FFA2FE22C3F23390047FB7D /* MySIRI */;
			targetProxy = 6FFA2FF52C3F233B0047FB7D /* PBXContainerItemProxy */;
		};
		6FFA30002C3F233B0047FB7D /* PBXTargetDependency */ = {
			isa = PBXTargetDependency;
			target = 6FFA2FE22C3F23390047FB7D /* MySIRI */;
			targetProxy = 6FFA2FFF2C3F233B0047FB7D /* PBXContainerItemProxy */;
		};
/* End PBXTargetDependency section */

/* Begin XCBuildConfiguration section */
		6FFA30082C3F233B0047FB7D /* Debug */ = {
			isa = XCBuildConfiguration;
			buildSettings = {
				ASSETCATALOG_COMPILER_APPICON_NAME = AppIcon;
				ASSETCATALOG_COMPILER_GLOBAL_ACCENT_COLOR_NAME = AccentColor;
				CODE_SIGN_ENTITLEMENTS = MySIRI/MySIRI.entitlements;
				CODE_SIGN_STYLE = Automatic;
				COMBINE_HIDPI_IMAGES = YES;
				CURRENT_PROJECT_VERSION = 1;
				GENERATE_INFOPLIST_FILE = YES;
				INFOPLIST_KEY_NSHumanReadableCopyright = "";
				INFOPLIST_KEY_NSMainStoryboardFile = Main;
				INFOPLIST_KEY_NSPrincipalClass = NSApplication;
				LD_RUNPATH_SEARCH_PATHS = (
					"$(inherited)",
					"@executable_path/../Frameworks",
				);
				MARKETING_VERSION = 1.0;
				PRODUCT_BUNDLE_IDENTIFIER = MW.MySIRI;
				PRODUCT_NAME = "$(TARGET_NAME)";
				SWIFT_EMIT_LOC_STRINGS = YES;
				SWIFT_VERSION = 5.0;
			};
			name = Debug;
		};
		6FFA30092C3F233B0047FB7D /* Release */ = {
			isa = XCBuildConfiguration;
			buildSettings = {
				ASSETCATALOG_COMPILER_APPICON_NAME = AppIcon;
				ASSETCATALOG_COMPILER_GLOBAL_ACCENT_COLOR_NAME = AccentColor;
				CODE_SIGN_ENTITLEMENTS = MySIRI/MySIRI.entitlements;
				CODE_SIGN_STYLE = Automatic;
				COMBINE_HIDPI_IMAGES = YES;
				CURRENT_PROJECT_VERSION = 1;
				GENERATE_INFOPLIST_FILE = YES;
				INFOPLIST_KEY_NSHumanReadableCopyright = "";
				INFOPLIST_KEY_NSMainStoryboardFile = Main;
				INFOPLIST_KEY_NSPrincipalClass = NSApplication;
				LD_RUNPATH_SEARCH_PATHS = (
					"$(inherited)",
					"@executable_path/../Frameworks",
				);
				MARKETING_VERSION = 1.0;
				PRODUCT_BUNDLE_IDENTIFIER = MW.MySIRI;
				PRODUCT_NAME = "$(TARGET_NAME)";
				SWIFT_EMIT_LOC_STRINGS = YES;
				SWIFT_VERSION = 5.0;
			};
			name = Release;
		};
		6FFA300B2C3F233B0047FB7D /* Debug */ = {
			isa = XCBuildConfiguration;
			buildSettings = {
				ALWAYS_SEARCH_USER_PATHS = NO;
				ASSETCATALOG_COMPILER_GENERATE_SWIFT_ASSET_SYMBOL_EXTENSIONS = YES;
				CLANG_ANALYZER_NONNULL = YES;
				CLANG_ANALYZER_NUMBER_OBJECT_CONVERSION = YES_AGGRESSIVE;
				CLANG_CXX_LANGUAGE_STANDARD = "gnu++20";
				CLANG_ENABLE_MODULES = YES;
				CLANG_ENABLE_OBJC_ARC = YES;
				CLANG_ENABLE_OBJC_WEAK = YES;
				CLANG_WARN_BLOCK_CAPTURE_AUTORELEASING = YES;
				CLANG_WARN_BOOL_CONVERSION = YES;
				CLANG_WARN_COMMA = YES;
				CLANG_WARN_CONSTANT_CONVERSION = YES;
				CLANG_WARN_DEPRECATED_OBJC_IMPLEMENTATIONS = YES;
				CLANG_WARN_DIRECT_OBJC_ISA_USAGE = YES_ERROR;
				CLANG_WARN_DOCUMENTATION_COMMENTS = YES;
				CLANG_WARN_EMPTY_BODY = YES;
				CLANG_WARN_ENUM_CONVERSION = YES;
				CLANG_WARN_INFINITE_RECURSION = YES;
				CLANG_WARN_INT_CONVERSION = YES;
				CLANG_WARN_NON_LITERAL_NULL_CONVERSION = YES;
				CLANG_WARN_OBJC_IMPLICIT_RETAIN_SELF = YES;
				CLANG_WARN_OBJC_LITERAL_CONVERSION = YES;
				CLANG_WARN_OBJC_ROOT_CLASS = YES_ERROR;
				CLANG_WARN_QUOTED_INCLUDE_IN_FRAMEWORK_HEADER = YES;
				CLANG_WARN_RANGE_LOOP_ANALYSIS = YES;
				CLANG_WARN_STRICT_PROTOTYPES = YES;
				CLANG_WARN_SUSPICIOUS_MOVE = YES;
				CLANG_WARN_UNGUARDED_AVAILABILITY = YES_AGGRESSIVE;
				CLANG_WARN_UNREACHABLE_CODE = YES;
				CLANG_WARN__DUPLICATE_METHOD_MATCH = YES;
				COPY_PHASE_STRIP = NO;
				DEBUG_INFORMATION_FORMAT = dwarf;
				ENABLE_STRICT_OBJC_MSGSEND = YES;
				ENABLE_TESTABILITY = YES;
				ENABLE_USER_SCRIPT_SANDBOXING = YES;
				GCC_C_LANGUAGE_STANDARD = gnu17;
				GCC_DYNAMIC_NO_PIC = NO;
				GCC_NO_COMMON_BLOCKS = YES;
				GCC_OPTIMIZATION_LEVEL = 0;
				GCC_PREPROCESSOR_DEFINITIONS = (
					"DEBUG=1",
					"$(inherited)",
				);
				GCC_WARN_64_TO_32_BIT_CONVERSION = YES;
				GCC_WARN_ABOUT_RETURN_TYPE = YES_ERROR;
				GCC_WARN_UNDECLARED_SELECTOR = YES;
				GCC_WARN_UNINITIALIZED_AUTOS = YES_AGGRESSIVE;
				GCC_WARN_UNUSED_FUNCTION = YES;
				GCC_WARN_UNUSED_VARIABLE = YES;
				LOCALIZATION_PREFERS_STRING_CATALOGS = YES;
				MACOSX_DEPLOYMENT_TARGET = 15.0;
				MTL_ENABLE_DEBUG_INFO = INCLUDE_SOURCE;
				MTL_FAST_MATH = YES;
				ONLY_ACTIVE_ARCH = YES;
				SDKROOT = macosx;
				SWIFT_ACTIVE_COMPILATION_CONDITIONS = "DEBUG $(inherited)";
				SWIFT_OPTIMIZATION_LEVEL = "-Onone";
			};
			name = Debug;
		};
		6FFA300C2C3F233B0047FB7D /* Release */ = {
			isa = XCBuildConfiguration;
			buildSettings = {
				ALWAYS_SEARCH_USER_PATHS = NO;
				ASSETCATALOG_COMPILER_GENERATE_SWIFT_ASSET_SYMBOL_EXTENSIONS = YES;
				CLANG_ANALYZER_NONNULL = YES;
				CLANG_ANALYZER_NUMBER_OBJECT_CONVERSION = YES_AGGRESSIVE;
				CLANG_CXX_LANGUAGE_STANDARD = "gnu++20";
				CLANG_ENABLE_MODULES = YES;
				CLANG_ENABLE_OBJC_ARC = YES;
				CLANG_ENABLE_OBJC_WEAK = YES;
				CLANG_WARN_BLOCK_CAPTURE_AUTORELEASING = YES;
				CLANG_WARN_BOOL_CONVERSION = YES;
				CLANG_WARN_COMMA = YES;
				CLANG_WARN_CONSTANT_CONVERSION = YES;
				CLANG_WARN_DEPRECATED_OBJC_IMPLEMENTATIONS = YES;
				CLANG_WARN_DIRECT_OBJC_ISA_USAGE = YES_ERROR;
				CLANG_WARN_DOCUMENTATION_COMMENTS = YES;
				CLANG_WARN_EMPTY_BODY = YES;
				CLANG_WARN_ENUM_CONVERSION = YES;
				CLANG_WARN_INFINITE_RECURSION = YES;
				CLANG_WARN_INT_CONVERSION = YES;
				CLANG_WARN_NON_LITERAL_NULL_CONVERSION = YES;
				CLANG_WARN_OBJC_IMPLICIT_RETAIN_SELF = YES;
				CLANG_WARN_OBJC_LITERAL_CONVERSION = YES;
				CLANG_WARN_OBJC_ROOT_CLASS = YES_ERROR;
				CLANG_WARN_QUOTED_INCLUDE_IN_FRAMEWORK_HEADER = YES;
				CLANG_WARN_RANGE_LOOP_ANALYSIS = YES;
				CLANG_WARN_STRICT_PROTOTYPES = YES;
				CLANG_WARN_SUSPICIOUS_MOVE = YES;
				CLANG_WARN_UNGUARDED_AVAILABILITY = YES_AGGRESSIVE;
				CLANG_WARN_UNREACHABLE_CODE = YES;
				CLANG_WARN__DUPLICATE_METHOD_MATCH = YES;
				COPY_PHASE_STRIP = NO;
				DEBUG_INFORMATION_FORMAT = "dwarf-with-dsym";
				ENABLE_NS_ASSERTIONS = NO;
				ENABLE_STRICT_OBJC_MSGSEND = YES;
				ENABLE_USER_SCRIPT_SANDBOXING = YES;
				GCC_C_LANGUAGE_STANDARD = gnu17;
				GCC_NO_COMMON_BLOCKS = YES;
				GCC_WARN_64_TO_32_BIT_CONVERSION = YES;
				GCC_WARN_ABOUT_RETURN_TYPE = YES_ERROR;
				GCC_WARN_UNDECLARED_SELECTOR = YES;
				GCC_WARN_UNINITIALIZED_AUTOS = YES_AGGRESSIVE;
				GCC_WARN_UNUSED_FUNCTION = YES;
				GCC_WARN_UNUSED_VARIABLE = YES;
				LOCALIZATION_PREFERS_STRING_CATALOGS = YES;
				MACOSX_DEPLOYMENT_TARGET = 15.0;
				MTL_ENABLE_DEBUG_INFO = NO;
				MTL_FAST_MATH = YES;
				SDKROOT = macosx;
				SWIFT_COMPILATION_MODE = wholemodule;
			};
			name = Release;
		};
		6FFA300E2C3F233B0047FB7D /* Debug */ = {
			isa = XCBuildConfiguration;
			buildSettings = {
				BUNDLE_LOADER = "$(TEST_HOST)";
				CODE_SIGN_STYLE = Automatic;
				CURRENT_PROJECT_VERSION = 1;
				GENERATE_INFOPLIST_FILE = YES;
				MACOSX_DEPLOYMENT_TARGET = 15.0;
				MARKETING_VERSION = 1.0;
				PRODUCT_BUNDLE_IDENTIFIER = MW.MySIRITests;
				PRODUCT_NAME = "$(TARGET_NAME)";
				SWIFT_EMIT_LOC_STRINGS = NO;
				SWIFT_VERSION = 5.0;
				TEST_HOST = "$(BUILT_PRODUCTS_DIR)/MySIRI.app/$(BUNDLE_EXECUTABLE_FOLDER_PATH)/MySIRI";
			};
			name = Debug;
		};
		6FFA300F2C3F233B0047FB7D /* Release */ = {
			isa = XCBuildConfiguration;
			buildSettings = {
				BUNDLE_LOADER = "$(TEST_HOST)";
				CODE_SIGN_STYLE = Automatic;
				CURRENT_PROJECT_VERSION = 1;
				GENERATE_INFOPLIST_FILE = YES;
				MACOSX_DEPLOYMENT_TARGET = 15.0;
				MARKETING_VERSION = 1.0;
				PRODUCT_BUNDLE_IDENTIFIER = MW.MySIRITests;
				PRODUCT_NAME = "$(TARGET_NAME)";
				SWIFT_EMIT_LOC_STRINGS = NO;
				SWIFT_VERSION = 5.0;
				TEST_HOST = "$(BUILT_PRODUCTS_DIR)/MySIRI.app/$(BUNDLE_EXECUTABLE_FOLDER_PATH)/MySIRI";
			};
			name = Release;
		};
		6FFA30112C3F233B0047FB7D /* Debug */ = {
			isa = XCBuildConfiguration;
			buildSettings = {
				CODE_SIGN_STYLE = Automatic;
				CURRENT_PROJECT_VERSION = 1;
				GENERATE_INFOPLIST_FILE = YES;
				MARKETING_VERSION = 1.0;
				PRODUCT_BUNDLE_IDENTIFIER = MW.MySIRIUITests;
				PRODUCT_NAME = "$(TARGET_NAME)";
				SWIFT_EMIT_LOC_STRINGS = NO;
				SWIFT_VERSION = 5.0;
				TEST_TARGET_NAME = MySIRI;
			};
			name = Debug;
		};
		6FFA30122C3F233B0047FB7D /* Release */ = {
			isa = XCBuildConfiguration;
			buildSettings = {
				CODE_SIGN_STYLE = Automatic;
				CURRENT_PROJECT_VERSION = 1;
				GENERATE_INFOPLIST_FILE = YES;
				MARKETING_VERSION = 1.0;
				PRODUCT_BUNDLE_IDENTIFIER = MW.MySIRIUITests;
				PRODUCT_NAME = "$(TARGET_NAME)";
				SWIFT_EMIT_LOC_STRINGS = NO;
				SWIFT_VERSION = 5.0;
				TEST_TARGET_NAME = MySIRI;
			};
			name = Release;
		};
/* End XCBuildConfiguration section */

/* Begin XCConfigurationList section */
		6FFA2FDE2C3F23390047FB7D /* Build configuration list for PBXProject "MySIRI" */ = {
			isa = XCConfigurationList;
			buildConfigurations = (
				6FFA300B2C3F233B0047FB7D /* Debug */,
				6FFA300C2C3F233B0047FB7D /* Release */,
			);
			defaultConfigurationIsVisible = 0;
			defaultConfigurationName = Release;
		};
		6FFA30072C3F233B0047FB7D /* Build configuration list for PBXNativeTarget "MySIRI" */ = {
			isa = XCConfigurationList;
			buildConfigurations = (
				6FFA30082C3F233B0047FB7D /* Debug */,
				6FFA30092C3F233B0047FB7D /* Release */,
			);
			defaultConfigurationIsVisible = 0;
			defaultConfigurationName = Release;
		};
		6FFA300D2C3F233B0047FB7D /* Build configuration list for PBXNativeTarget "MySIRITests" */ = {
			isa = XCConfigurationList;
			buildConfigurations = (
				6FFA300E2C3F233B0047FB7D /* Debug */,
				6FFA300F2C3F233B0047FB7D /* Release */,
			);
			defaultConfigurationIsVisible = 0;
			defaultConfigurationName = Release;
		};
		6FFA30102C3F233B0047FB7D /* Build configuration list for PBXNativeTarget "MySIRIUITests" */ = {
			isa = XCConfigurationList;
			buildConfigurations = (
				6FFA30112C3F233B0047FB7D /* Debug */,
				6FFA30122C3F233B0047FB7D /* Release */,
			);
			defaultConfigurationIsVisible = 0;
			defaultConfigurationName = Release;
		};
/* End XCConfigurationList section */
	};
	rootObject = 6FFA2FDB2C3F23390047FB7D /* Project object */;
}
